
Microsoft Visual Studio Solution File, Format Version 12.00
# Visual Studio Version 17
VisualStudioVersion = 17.11.35327.3
MinimumVisualStudioVersion = 10.0.40219.1
Project("{FAE04EC0-301F-11D3-BF4B-00C04F79EFBC}") = "WebApplication1", "WebApplication1\WebApplication1.csproj", "{17A8E619-71FE-4780-B598-957CE2826BB1}"
EndProject
Global
	GlobalSection(SolutionConfigurationPlatforms) = preSolution
		Debug|Any CPU = Debug|Any CPU
		Release|Any CPU = Release|Any CPU
	EndGlobalSection
	GlobalSection(ProjectConfigurationPlatforms) = postSolution
		{17A8E619-71FE-4780-B598-957CE2826BB1}.Debug|Any CPU.ActiveCfg = Debug|Any CPU
		{17A8E619-71FE-4780-B598-957CE2826BB1}.Debug|Any CPU.Build.0 = Debug|Any CPU
		{17A8E619-71FE-4780-B598-957CE2826BB1}.Release|Any CPU.ActiveCfg = Release|Any CPU
		{17A8E619-71FE-4780-B598-957CE2826BB1}.Release|Any CPU.Build.0 = Release|Any CPU
	EndGlobalSection
	GlobalSection(SolutionProperties) = preSolution
		HideSolutionNode = FALSE
	EndGlobalSection
	GlobalSection(ExtensibilityGlobals) = postSolution
		SolutionGuid = {5303FABA-0A81-4738-B869-78C0E7BA9E2D}
	EndGlobalSection
EndGlobal
